
Microsoft Visual Studio Solution File, Format Version 12.00
# Visual Studio Version 16
VisualStudioVersion = 16.0.30717.126
MinimumVisualStudioVersion = 10.0.40219.1
Project("{FAE04EC0-301F-11D3-BF4B-00C04F79EFBC}") = "desafioTecnicoParte2", "desafioTecnicoParte2\desafioTecnicoParte2.csproj", "{B8B4709F-BD8A-4C23-9DC2-524F3F05F2EE}"
EndProject
Global
	GlobalSection(SolutionConfigurationPlatforms) = preSolution
		Debug|Any CPU = Debug|Any CPU
		Release|Any CPU = Release|Any CPU
	EndGlobalSection
	GlobalSection(ProjectConfigurationPlatforms) = postSolution
		{B8B4709F-BD8A-4C23-9DC2-524F3F05F2EE}.Debug|Any CPU.ActiveCfg = Debug|Any CPU
		{B8B4709F-BD8A-4C23-9DC2-524F3F05F2EE}.Debug|Any CPU.Build.0 = Debug|Any CPU
		{B8B4709F-BD8A-4C23-9DC2-524F3F05F2EE}.Release|Any CPU.ActiveCfg = Release|Any CPU
		{B8B4709F-BD8A-4C23-9DC2-524F3F05F2EE}.Release|Any CPU.Build.0 = Release|Any CPU
	EndGlobalSection
	GlobalSection(SolutionProperties) = preSolution
		HideSolutionNode = FALSE
	EndGlobalSection
	GlobalSection(ExtensibilityGlobals) = postSolution
		SolutionGuid = {E5DB6C6F-4EF8-4E4F-B30F-32C8336C399C}
	EndGlobalSection
EndGlobal
